<Solution>
  <Project Path="StackSift.Api/StackSift.Api.csproj" />
  <Project Path="StackSift.Application/StackSift.Application.csproj" />
  <Project Path="StackSift.Infrastructure/StackSift.Infrastructure.csproj" />
  <Project Path="StackSift.Domain/StackSift.Domain.csproj" />
  <Project Path="StackSift.Tests/StackSift.Tests.csproj" />
  <Project Path="StackSift.Serilog.Sink/StackSift.Serilog.Sink.csproj" />
  <Project Path="StackSift.Serilog.Sink.Tests/StackSift.Serilog.Sink.Tests.csproj" />
</Solution>
